
Microsoft Visual Studio Solution File, Format Version 12.00
# Visual Studio Version 17
VisualStudioVersion = 17.5.33424.131
MinimumVisualStudioVersion = 10.0.40219.1
Project("{FAE04EC0-301F-11D3-BF4B-00C04F79EFBC}") = "prak9", "prak9\prak9.csproj", "{27C2AEAC-EFB5-40B0-8C46-31B1C495C517}"
EndProject
Global
	GlobalSection(SolutionConfigurationPlatforms) = preSolution
		Debug|Any CPU = Debug|Any CPU
		Release|Any CPU = Release|Any CPU
	EndGlobalSection
	GlobalSection(ProjectConfigurationPlatforms) = postSolution
		{27C2AEAC-EFB5-40B0-8C46-31B1C495C517}.Debug|Any CPU.ActiveCfg = Debug|Any CPU
		{27C2AEAC-EFB5-40B0-8C46-31B1C495C517}.Debug|Any CPU.Build.0 = Debug|Any CPU
		{27C2AEAC-EFB5-40B0-8C46-31B1C495C517}.Release|Any CPU.ActiveCfg = Release|Any CPU
		{27C2AEAC-EFB5-40B0-8C46-31B1C495C517}.Release|Any CPU.Build.0 = Release|Any CPU
	EndGlobalSection
	GlobalSection(SolutionProperties) = preSolution
		HideSolutionNode = FALSE
	EndGlobalSection
	GlobalSection(ExtensibilityGlobals) = postSolution
		SolutionGuid = {10D7B4E6-04A5-4E06-BB58-5ED398E3C19C}
	EndGlobalSection
EndGlobal
